// !$*UTF8*$!
{
	archiveVersion = 1;
	classes = {
	};
	objectVersion = 56;
	objects = {

/* Begin PBXBuildFile section */
		3F0FD8D129DADDCC00210A2C /* AppDelegate.swift in Sources */ = {isa = PBXBuildFile; fileRef = 3F0FD8D029DADDCC00210A2C /* AppDelegate.swift */; };
		3F0FD8D329DADDCC00210A2C /* SceneDelegate.swift in Sources */ = {isa = PBXBuildFile; fileRef = 3F0FD8D229DADDCC00210A2C /* SceneDelegate.swift */; };
		3F0FD8D529DADDCC00210A2C /* firstScreen.swift in Sources */ = {isa = PBXBuildFile; fileRef = 3F0FD8D429DADDCC00210A2C /* firstScreen.swift */; };
		3F0FD8DA29DADDCD00210A2C /* Assets.xcassets in Resources */ = {isa = PBXBuildFile; fileRef = 3F0FD8D929DADDCD00210A2C /* Assets.xcassets */; };
		3F0FD8DD29DADDCD00210A2C /* LaunchScreen.storyboard in Resources */ = {isa = PBXBuildFile; fileRef = 3F0FD8DB29DADDCD00210A2C /* LaunchScreen.storyboard */; };
		3F0FD8E629DAE3FA00210A2C /* loginScreen.swift in Sources */ = {isa = PBXBuildFile; fileRef = 3F0FD8E529DAE3FA00210A2C /* loginScreen.swift */; };
		3F0FD8E929DC5F2600210A2C /* SignInView.swift in Sources */ = {isa = PBXBuildFile; fileRef = 3F0FD8E829DC5F2600210A2C /* SignInView.swift */; };
		3F0FD8EC29DC64DD00210A2C /* SignUpViewController.swift in Sources */ = {isa = PBXBuildFile; fileRef = 3F0FD8EB29DC64DD00210A2C /* SignUpViewController.swift */; };
		3F138D5529E2D191009A2DB6 /* DetailViewController.swift in Sources */ = {isa = PBXBuildFile; fileRef = 3F138D5429E2D191009A2DB6 /* DetailViewController.swift */; };
		3F138D5729E2D1C6009A2DB6 /* DetailView.swift in Sources */ = {isa = PBXBuildFile; fileRef = 3F138D5629E2D1C6009A2DB6 /* DetailView.swift */; };
		3F2625672A03E1F8003B7637 /* DictScreen.swift in Sources */ = {isa = PBXBuildFile; fileRef = 3F2625662A03E1F8003B7637 /* DictScreen.swift */; };
		3F2625692A03FD24003B7637 /* DictViewModel.swift in Sources */ = {isa = PBXBuildFile; fileRef = 3F2625682A03FD24003B7637 /* DictViewModel.swift */; };
		3F2BACDE29E1570B00FD248E /* DİctionaryViewController.swift in Sources */ = {isa = PBXBuildFile; fileRef = 3F2BACDD29E1570B00FD248E /* DİctionaryViewController.swift */; };
		3F2BACE029E17A6F00FD248E /* TableViewCell.swift in Sources */ = {isa = PBXBuildFile; fileRef = 3F2BACDF29E17A6F00FD248E /* TableViewCell.swift */; };
		3F46375C29DF068F00447CFA /* userModel.swift in Sources */ = {isa = PBXBuildFile; fileRef = 3F46375B29DF068F00447CFA /* userModel.swift */; };
		3F46375E29DF06C900447CFA /* LogInViewModel.swift in Sources */ = {isa = PBXBuildFile; fileRef = 3F46375D29DF06C900447CFA /* LogInViewModel.swift */; };
		3F5FF5B629E9946000BC4A5C /* DetailModel.swift in Sources */ = {isa = PBXBuildFile; fileRef = 3F5FF5B529E9946000BC4A5C /* DetailModel.swift */; };
		3F7AA7CE29E0BCEE002DB07B /* TabBarViewController.swift in Sources */ = {isa = PBXBuildFile; fileRef = 3F7AA7CD29E0BCEE002DB07B /* TabBarViewController.swift */; };
		3F7AA7D029E0C00E002DB07B /* HomePageViewController.swift in Sources */ = {isa = PBXBuildFile; fileRef = 3F7AA7CF29E0C00E002DB07B /* HomePageViewController.swift */; };
		3F7AA7D229E0C05C002DB07B /* SettingsViewController.swift in Sources */ = {isa = PBXBuildFile; fileRef = 3F7AA7D129E0C05C002DB07B /* SettingsViewController.swift */; };
		3FB38AEB29E44FB2002048E9 /* DetailViewModel.swift in Sources */ = {isa = PBXBuildFile; fileRef = 3FB38AEA29E44FB2002048E9 /* DetailViewModel.swift */; };
		3FC63DCE2A029EF40047C23A /* data.xcdatamodeld in Sources */ = {isa = PBXBuildFile; fileRef = 3FC63DCC2A029EF40047C23A /* data.xcdatamodeld */; };
/* End PBXBuildFile section */

/* Begin PBXFileReference section */
		3F0FD8CD29DADDCC00210A2C /* storyTrasnlateApp.app */ = {isa = PBXFileReference; explicitFileType = wrapper.application; includeInIndex = 0; path = storyTrasnlateApp.app; sourceTree = BUILT_PRODUCTS_DIR; };
		3F0FD8D029DADDCC00210A2C /* AppDelegate.swift */ = {isa = PBXFileReference; lastKnownFileType = sourcecode.swift; path = AppDelegate.swift; sourceTree = "<group>"; };
		3F0FD8D229DADDCC00210A2C /* SceneDelegate.swift */ = {isa = PBXFileReference; lastKnownFileType = sourcecode.swift; path = SceneDelegate.swift; sourceTree = "<group>"; };
		3F0FD8D429DADDCC00210A2C /* firstScreen.swift */ = {isa = PBXFileReference; lastKnownFileType = sourcecode.swift; path = firstScreen.swift; sourceTree = "<group>"; };
		3F0FD8D929DADDCD00210A2C /* Assets.xcassets */ = {isa = PBXFileReference; lastKnownFileType = folder.assetcatalog; path = Assets.xcassets; sourceTree = "<group>"; };
		3F0FD8DC29DADDCD00210A2C /* Base */ = {isa = PBXFileReference; lastKnownFileType = file.storyboard; name = Base; path = Base.lproj/LaunchScreen.storyboard; sourceTree = "<group>"; };
		3F0FD8DE29DADDCD00210A2C /* Info.plist */ = {isa = PBXFileReference; lastKnownFileType = text.plist.xml; path = Info.plist; sourceTree = "<group>"; };
		3F0FD8E529DAE3FA00210A2C /* loginScreen.swift */ = {isa = PBXFileReference; lastKnownFileType = sourcecode.swift; path = loginScreen.swift; sourceTree = "<group>"; };
		3F0FD8E829DC5F2600210A2C /* SignInView.swift */ = {isa = PBXFileReference; lastKnownFileType = sourcecode.swift; path = SignInView.swift; sourceTree = "<group>"; };
		3F0FD8EB29DC64DD00210A2C /* SignUpViewController.swift */ = {isa = PBXFileReference; lastKnownFileType = sourcecode.swift; path = SignUpViewController.swift; sourceTree = "<group>"; };
		3F138D5429E2D191009A2DB6 /* DetailViewController.swift */ = {isa = PBXFileReference; lastKnownFileType = sourcecode.swift; path = DetailViewController.swift; sourceTree = "<group>"; };
		3F138D5629E2D1C6009A2DB6 /* DetailView.swift */ = {isa = PBXFileReference; lastKnownFileType = sourcecode.swift; path = DetailView.swift; sourceTree = "<group>"; };
		3F2625662A03E1F8003B7637 /* DictScreen.swift */ = {isa = PBXFileReference; lastKnownFileType = sourcecode.swift; path = DictScreen.swift; sourceTree = "<group>"; };
		3F2625682A03FD24003B7637 /* DictViewModel.swift */ = {isa = PBXFileReference; lastKnownFileType = sourcecode.swift; path = DictViewModel.swift; sourceTree = "<group>"; };
		3F2BACDD29E1570B00FD248E /* DİctionaryViewController.swift */ = {isa = PBXFileReference; lastKnownFileType = sourcecode.swift; path = "DİctionaryViewController.swift"; sourceTree = "<group>"; };
		3F2BACDF29E17A6F00FD248E /* TableViewCell.swift */ = {isa = PBXFileReference; lastKnownFileType = sourcecode.swift; path = TableViewCell.swift; sourceTree = "<group>"; };
		3F46375B29DF068F00447CFA /* userModel.swift */ = {isa = PBXFileReference; lastKnownFileType = sourcecode.swift; path = userModel.swift; sourceTree = "<group>"; };
		3F46375D29DF06C900447CFA /* LogInViewModel.swift */ = {isa = PBXFileReference; lastKnownFileType = sourcecode.swift; path = LogInViewModel.swift; sourceTree = "<group>"; };
		3F5FF5B529E9946000BC4A5C /* DetailModel.swift */ = {isa = PBXFileReference; lastKnownFileType = sourcecode.swift; path = DetailModel.swift; sourceTree = "<group>"; };
		3F7AA7CD29E0BCEE002DB07B /* TabBarViewController.swift */ = {isa = PBXFileReference; lastKnownFileType = sourcecode.swift; path = TabBarViewController.swift; sourceTree = "<group>"; };
		3F7AA7CF29E0C00E002DB07B /* HomePageViewController.swift */ = {isa = PBXFileReference; lastKnownFileType = sourcecode.swift; path = HomePageViewController.swift; sourceTree = "<group>"; };
		3F7AA7D129E0C05C002DB07B /* SettingsViewController.swift */ = {isa = PBXFileReference; lastKnownFileType = sourcecode.swift; path = SettingsViewController.swift; sourceTree = "<group>"; };
		3FB38AEA29E44FB2002048E9 /* DetailViewModel.swift */ = {isa = PBXFileReference; lastKnownFileType = sourcecode.swift; path = DetailViewModel.swift; sourceTree = "<group>"; };
		3FC63DCD2A029EF40047C23A /* data.xcdatamodel */ = {isa = PBXFileReference; lastKnownFileType = wrapper.xcdatamodel; path = data.xcdatamodel; sourceTree = "<group>"; };
/* End PBXFileReference section */

/* Begin PBXFrameworksBuildPhase section */
		3F0FD8CA29DADDCC00210A2C /* Frameworks */ = {
			isa = PBXFrameworksBuildPhase;
			buildActionMask = 2147483647;
			files = (
			);
			runOnlyForDeploymentPostprocessing = 0;
		};
/* End PBXFrameworksBuildPhase section */

/* Begin PBXGroup section */
		3F0FD8C429DADDCC00210A2C = {
			isa = PBXGroup;
			children = (
				3F0FD8CF29DADDCC00210A2C /* storyTrasnlateApp */,
				3F0FD8CE29DADDCC00210A2C /* Products */,
			);
			sourceTree = "<group>";
		};
		3F0FD8CE29DADDCC00210A2C /* Products */ = {
			isa = PBXGroup;
			children = (
				3F0FD8CD29DADDCC00210A2C /* storyTrasnlateApp.app */,
			);
			name = Products;
			sourceTree = "<group>";
		};
		3F0FD8CF29DADDCC00210A2C /* storyTrasnlateApp */ = {
			isa = PBXGroup;
			children = (
				3F46375A29DF067300447CFA /* VİewModel */,
				3F46375929DF066900447CFA /* Model */,
				3F0FD8EA29DC64AF00210A2C /* ViewControllers */,
				3F0FD8E429DAE3DD00210A2C /* View */,
				3F0FD8D029DADDCC00210A2C /* AppDelegate.swift */,
				3F0FD8D229DADDCC00210A2C /* SceneDelegate.swift */,
				3F0FD8D929DADDCD00210A2C /* Assets.xcassets */,
				3F0FD8DB29DADDCD00210A2C /* LaunchScreen.storyboard */,
				3F0FD8DE29DADDCD00210A2C /* Info.plist */,
				3FC63DCC2A029EF40047C23A /* data.xcdatamodeld */,
			);
			path = storyTrasnlateApp;
			sourceTree = "<group>";
		};
		3F0FD8E429DAE3DD00210A2C /* View */ = {
			isa = PBXGroup;
			children = (
				3F0FD8E529DAE3FA00210A2C /* loginScreen.swift */,
				3F0FD8E829DC5F2600210A2C /* SignInView.swift */,
				3F2BACDF29E17A6F00FD248E /* TableViewCell.swift */,
				3F138D5629E2D1C6009A2DB6 /* DetailView.swift */,
				3F2625662A03E1F8003B7637 /* DictScreen.swift */,
			);
			path = View;
			sourceTree = "<group>";
		};
		3F0FD8EA29DC64AF00210A2C /* ViewControllers */ = {
			isa = PBXGroup;
			children = (
				3F0FD8D429DADDCC00210A2C /* firstScreen.swift */,
				3F0FD8EB29DC64DD00210A2C /* SignUpViewController.swift */,
				3F7AA7CD29E0BCEE002DB07B /* TabBarViewController.swift */,
				3F7AA7CF29E0C00E002DB07B /* HomePageViewController.swift */,
				3F7AA7D129E0C05C002DB07B /* SettingsViewController.swift */,
				3F2BACDD29E1570B00FD248E /* DİctionaryViewController.swift */,
				3F138D5429E2D191009A2DB6 /* DetailViewController.swift */,
			);
			path = ViewControllers;
			sourceTree = "<group>";
		};
		3F46375929DF066900447CFA /* Model */ = {
			isa = PBXGroup;
			children = (
				3F46375B29DF068F00447CFA /* userModel.swift */,
				3F5FF5B529E9946000BC4A5C /* DetailModel.swift */,
			);
			path = Model;
			sourceTree = "<group>";
		};
		3F46375A29DF067300447CFA /* VİewModel */ = {
			isa = PBXGroup;
			children = (
				3F46375D29DF06C900447CFA /* LogInViewModel.swift */,
				3FB38AEA29E44FB2002048E9 /* DetailViewModel.swift */,
				3F2625682A03FD24003B7637 /* DictViewModel.swift */,
			);
			name = "VİewModel";
			path = "VİewModel";
			sourceTree = "<group>";
		};
/* End PBXGroup section */

/* Begin PBXNativeTarget section */
		3F0FD8CC29DADDCC00210A2C /* storyTrasnlateApp */ = {
			isa = PBXNativeTarget;
			buildConfigurationList = 3F0FD8E129DADDCD00210A2C /* Build configuration list for PBXNativeTarget "storyTrasnlateApp" */;
			buildPhases = (
				3F0FD8C929DADDCC00210A2C /* Sources */,
				3F0FD8CA29DADDCC00210A2C /* Frameworks */,
				3F0FD8CB29DADDCC00210A2C /* Resources */,
			);
			buildRules = (
			);
			dependencies = (
			);
			name = storyTrasnlateApp;
			productName = storyTrasnlateApp;
			productReference = 3F0FD8CD29DADDCC00210A2C /* storyTrasnlateApp.app */;
			productType = "com.apple.product-type.application";
		};
/* End PBXNativeTarget section */

/* Begin PBXProject section */
		3F0FD8C529DADDCC00210A2C /* Project object */ = {
			isa = PBXProject;
			attributes = {
				BuildIndependentTargetsInParallel = 1;
				LastSwiftUpdateCheck = 1420;
				LastUpgradeCheck = 1420;
				TargetAttributes = {
					3F0FD8CC29DADDCC00210A2C = {
						CreatedOnToolsVersion = 14.2;
					};
				};
			};
			buildConfigurationList = 3F0FD8C829DADDCC00210A2C /* Build configuration list for PBXProject "storyTrasnlateApp" */;
			compatibilityVersion = "Xcode 14.0";
			developmentRegion = en;
			hasScannedForEncodings = 0;
			knownRegions = (
				en,
				Base,
			);
			mainGroup = 3F0FD8C429DADDCC00210A2C;
			productRefGroup = 3F0FD8CE29DADDCC00210A2C /* Products */;
			projectDirPath = "";
			projectRoot = "";
			targets = (
				3F0FD8CC29DADDCC00210A2C /* storyTrasnlateApp */,
			);
		};
/* End PBXProject section */

/* Begin PBXResourcesBuildPhase section */
		3F0FD8CB29DADDCC00210A2C /* Resources */ = {
			isa = PBXResourcesBuildPhase;
			buildActionMask = 2147483647;
			files = (
				3F0FD8DD29DADDCD00210A2C /* LaunchScreen.storyboard in Resources */,
				3F0FD8DA29DADDCD00210A2C /* Assets.xcassets in Resources */,
			);
			runOnlyForDeploymentPostprocessing = 0;
		};
/* End PBXResourcesBuildPhase section */

/* Begin PBXSourcesBuildPhase section */
		3F0FD8C929DADDCC00210A2C /* Sources */ = {
			isa = PBXSourcesBuildPhase;
			buildActionMask = 2147483647;
			files = (
				3F2BACE029E17A6F00FD248E /* TableViewCell.swift in Sources */,
				3F0FD8EC29DC64DD00210A2C /* SignUpViewController.swift in Sources */,
				3F2625692A03FD24003B7637 /* DictViewModel.swift in Sources */,
				3F0FD8D529DADDCC00210A2C /* firstScreen.swift in Sources */,
				3F2BACDE29E1570B00FD248E /* DİctionaryViewController.swift in Sources */,
				3F7AA7D229E0C05C002DB07B /* SettingsViewController.swift in Sources */,
				3F46375C29DF068F00447CFA /* userModel.swift in Sources */,
				3F0FD8E629DAE3FA00210A2C /* loginScreen.swift in Sources */,
				3F7AA7CE29E0BCEE002DB07B /* TabBarViewController.swift in Sources */,
				3F46375E29DF06C900447CFA /* LogInViewModel.swift in Sources */,
				3F0FD8D129DADDCC00210A2C /* AppDelegate.swift in Sources */,
				3F0FD8D329DADDCC00210A2C /* SceneDelegate.swift in Sources */,
				3FC63DCE2A029EF40047C23A /* data.xcdatamodeld in Sources */,
				3F7AA7D029E0C00E002DB07B /* HomePageViewController.swift in Sources */,
				3F0FD8E929DC5F2600210A2C /* SignInView.swift in Sources */,
				3F2625672A03E1F8003B7637 /* DictScreen.swift in Sources */,
				3F138D5729E2D1C6009A2DB6 /* DetailView.swift in Sources */,
				3F5FF5B629E9946000BC4A5C /* DetailModel.swift in Sources */,
				3F138D5529E2D191009A2DB6 /* DetailViewController.swift in Sources */,
				3FB38AEB29E44FB2002048E9 /* DetailViewModel.swift in Sources */,
			);
			runOnlyForDeploymentPostprocessing = 0;
		};
/* End PBXSourcesBuildPhase section */

/* Begin PBXVariantGroup section */
		3F0FD8DB29DADDCD00210A2C /* LaunchScreen.storyboard */ = {
			isa = PBXVariantGroup;
			children = (
				3F0FD8DC29DADDCD00210A2C /* Base */,
			);
			name = LaunchScreen.storyboard;
			sourceTree = "<group>";
		};
/* End PBXVariantGroup section */

/* Begin XCBuildConfiguration section */
		3F0FD8DF29DADDCD00210A2C /* Debug */ = {
			isa = XCBuildConfiguration;
			buildSettings = {
				ALWAYS_SEARCH_USER_PATHS = NO;
				CLANG_ANALYZER_NONNULL = YES;
				CLANG_ANALYZER_NUMBER_OBJECT_CONVERSION = YES_AGGRESSIVE;
				CLANG_CXX_LANGUAGE_STANDARD = "gnu++20";
				CLANG_ENABLE_MODULES = YES;
				CLANG_ENABLE_OBJC_ARC = YES;
				CLANG_ENABLE_OBJC_WEAK = YES;
				CLANG_WARN_BLOCK_CAPTURE_AUTORELEASING = YES;
				CLANG_WARN_BOOL_CONVERSION = YES;
				CLANG_WARN_COMMA = YES;
				CLANG_WARN_CONSTANT_CONVERSION = YES;
				CLANG_WARN_DEPRECATED_OBJC_IMPLEMENTATIONS = YES;
				CLANG_WARN_DIRECT_OBJC_ISA_USAGE = YES_ERROR;
				CLANG_WARN_DOCUMENTATION_COMMENTS = YES;
				CLANG_WARN_EMPTY_BODY = YES;
				CLANG_WARN_ENUM_CONVERSION = YES;
				CLANG_WARN_INFINITE_RECURSION = YES;
				CLANG_WARN_INT_CONVERSION = YES;
				CLANG_WARN_NON_LITERAL_NULL_CONVERSION = YES;
				CLANG_WARN_OBJC_IMPLICIT_RETAIN_SELF = YES;
				CLANG_WARN_OBJC_LITERAL_CONVERSION = YES;
				CLANG_WARN_OBJC_ROOT_CLASS = YES_ERROR;
				CLANG_WARN_QUOTED_INCLUDE_IN_FRAMEWORK_HEADER = YES;
				CLANG_WARN_RANGE_LOOP_ANALYSIS = YES;
				CLANG_WARN_STRICT_PROTOTYPES = YES;
				CLANG_WARN_SUSPICIOUS_MOVE = YES;
				CLANG_WARN_UNGUARDED_AVAILABILITY = YES_AGGRESSIVE;
				CLANG_WARN_UNREACHABLE_CODE = YES;
				CLANG_WARN__DUPLICATE_METHOD_MATCH = YES;
				COPY_PHASE_STRIP = NO;
				DEBUG_INFORMATION_FORMAT = dwarf;
				ENABLE_STRICT_OBJC_MSGSEND = YES;
				ENABLE_TESTABILITY = YES;
				GCC_C_LANGUAGE_STANDARD = gnu11;
				GCC_DYNAMIC_NO_PIC = NO;
				GCC_NO_COMMON_BLOCKS = YES;
				GCC_OPTIMIZATION_LEVEL = 0;
				GCC_PREPROCESSOR_DEFINITIONS = (
					"DEBUG=1",
					"$(inherited)",
				);
				GCC_WARN_64_TO_32_BIT_CONVERSION = YES;
				GCC_WARN_ABOUT_RETURN_TYPE = YES_ERROR;
				GCC_WARN_UNDECLARED_SELECTOR = YES;
				GCC_WARN_UNINITIALIZED_AUTOS = YES_AGGRESSIVE;
				GCC_WARN_UNUSED_FUNCTION = YES;
				GCC_WARN_UNUSED_VARIABLE = YES;
				IPHONEOS_DEPLOYMENT_TARGET = 16.2;
				MTL_ENABLE_DEBUG_INFO = INCLUDE_SOURCE;
				MTL_FAST_MATH = YES;
				ONLY_ACTIVE_ARCH = YES;
				SDKROOT = iphoneos;
				SWIFT_ACTIVE_COMPILATION_CONDITIONS = DEBUG;
				SWIFT_OPTIMIZATION_LEVEL = "-Onone";
			};
			name = Debug;
		};
		3F0FD8E029DADDCD00210A2C /* Release */ = {
			isa = XCBuildConfiguration;
			buildSettings = {
				ALWAYS_SEARCH_USER_PATHS = NO;
				CLANG_ANALYZER_NONNULL = YES;
				CLANG_ANALYZER_NUMBER_OBJECT_CONVERSION = YES_AGGRESSIVE;
				CLANG_CXX_LANGUAGE_STANDARD = "gnu++20";
				CLANG_ENABLE_MODULES = YES;
				CLANG_ENABLE_OBJC_ARC = YES;
				CLANG_ENABLE_OBJC_WEAK = YES;
				CLANG_WARN_BLOCK_CAPTURE_AUTORELEASING = YES;
				CLANG_WARN_BOOL_CONVERSION = YES;
				CLANG_WARN_COMMA = YES;
				CLANG_WARN_CONSTANT_CONVERSION = YES;
				CLANG_WARN_DEPRECATED_OBJC_IMPLEMENTATIONS = YES;
				CLANG_WARN_DIRECT_OBJC_ISA_USAGE = YES_ERROR;
				CLANG_WARN_DOCUMENTATION_COMMENTS = YES;
				CLANG_WARN_EMPTY_BODY = YES;
				CLANG_WARN_ENUM_CONVERSION = YES;
				CLANG_WARN_INFINITE_RECURSION = YES;
				CLANG_WARN_INT_CONVERSION = YES;
				CLANG_WARN_NON_LITERAL_NULL_CONVERSION = YES;
				CLANG_WARN_OBJC_IMPLICIT_RETAIN_SELF = YES;
				CLANG_WARN_OBJC_LITERAL_CONVERSION = YES;
				CLANG_WARN_OBJC_ROOT_CLASS = YES_ERROR;
				CLANG_WARN_QUOTED_INCLUDE_IN_FRAMEWORK_HEADER = YES;
				CLANG_WARN_RANGE_LOOP_ANALYSIS = YES;
				CLANG_WARN_STRICT_PROTOTYPES = YES;
				CLANG_WARN_SUSPICIOUS_MOVE = YES;
				CLANG_WARN_UNGUARDED_AVAILABILITY = YES_AGGRESSIVE;
				CLANG_WARN_UNREACHABLE_CODE = YES;
				CLANG_WARN__DUPLICATE_METHOD_MATCH = YES;
				COPY_PHASE_STRIP = NO;
				DEBUG_INFORMATION_FORMAT = "dwarf-with-dsym";
				ENABLE_NS_ASSERTIONS = NO;
				ENABLE_STRICT_OBJC_MSGSEND = YES;
				GCC_C_LANGUAGE_STANDARD = gnu11;
				GCC_NO_COMMON_BLOCKS = YES;
				GCC_WARN_64_TO_32_BIT_CONVERSION = YES;
				GCC_WARN_ABOUT_RETURN_TYPE = YES_ERROR;
				GCC_WARN_UNDECLARED_SELECTOR = YES;
				GCC_WARN_UNINITIALIZED_AUTOS = YES_AGGRESSIVE;
				GCC_WARN_UNUSED_FUNCTION = YES;
				GCC_WARN_UNUSED_VARIABLE = YES;
				IPHONEOS_DEPLOYMENT_TARGET = 16.2;
				MTL_ENABLE_DEBUG_INFO = NO;
				MTL_FAST_MATH = YES;
				SDKROOT = iphoneos;
				SWIFT_COMPILATION_MODE = wholemodule;
				SWIFT_OPTIMIZATION_LEVEL = "-O";
				VALIDATE_PRODUCT = YES;
			};
			name = Release;
		};
		3F0FD8E229DADDCD00210A2C /* Debug */ = {
			isa = XCBuildConfiguration;
			buildSettings = {
				ASSETCATALOG_COMPILER_APPICON_NAME = AppIcon;
				ASSETCATALOG_COMPILER_GLOBAL_ACCENT_COLOR_NAME = AccentColor;
				CODE_SIGN_STYLE = Automatic;
				CURRENT_PROJECT_VERSION = 1;
				GENERATE_INFOPLIST_FILE = YES;
				INFOPLIST_FILE = storyTrasnlateApp/Info.plist;
				INFOPLIST_KEY_UIApplicationSupportsIndirectInputEvents = YES;
				INFOPLIST_KEY_UILaunchStoryboardName = LaunchScreen;
				INFOPLIST_KEY_UISupportedInterfaceOrientations_iPad = "UIInterfaceOrientationPortrait UIInterfaceOrientationPortraitUpsideDown UIInterfaceOrientationLandscapeLeft UIInterfaceOrientationLandscapeRight";
				INFOPLIST_KEY_UISupportedInterfaceOrientations_iPhone = "UIInterfaceOrientationPortrait UIInterfaceOrientationLandscapeLeft UIInterfaceOrientationLandscapeRight";
				LD_RUNPATH_SEARCH_PATHS = (
					"$(inherited)",
					"@executable_path/Frameworks",
				);
				MARKETING_VERSION = 1.0;
				PRODUCT_BUNDLE_IDENTIFIER = com.dundar.storyTrasnlateApp;
				PRODUCT_NAME = "$(TARGET_NAME)";
				SWIFT_EMIT_LOC_STRINGS = YES;
				SWIFT_VERSION = 5.0;
				TARGETED_DEVICE_FAMILY = "1,2";
			};
			name = Debug;
		};
		3F0FD8E329DADDCD00210A2C /* Release */ = {
			isa = XCBuildConfiguration;
			buildSettings = {
				ASSETCATALOG_COMPILER_APPICON_NAME = AppIcon;
				ASSETCATALOG_COMPILER_GLOBAL_ACCENT_COLOR_NAME = AccentColor;
				CODE_SIGN_STYLE = Automatic;
				CURRENT_PROJECT_VERSION = 1;
				GENERATE_INFOPLIST_FILE = YES;
				INFOPLIST_FILE = storyTrasnlateApp/Info.plist;
				INFOPLIST_KEY_UIApplicationSupportsIndirectInputEvents = YES;
				INFOPLIST_KEY_UILaunchStoryboardName = LaunchScreen;
				INFOPLIST_KEY_UISupportedInterfaceOrientations_iPad = "UIInterfaceOrientationPortrait UIInterfaceOrientationPortraitUpsideDown UIInterfaceOrientationLandscapeLeft UIInterfaceOrientationLandscapeRight";
				INFOPLIST_KEY_UISupportedInterfaceOrientations_iPhone = "UIInterfaceOrientationPortrait UIInterfaceOrientationLandscapeLeft UIInterfaceOrientationLandscapeRight";
				LD_RUNPATH_SEARCH_PATHS = (
					"$(inherited)",
					"@executable_path/Frameworks",
				);
				MARKETING_VERSION = 1.0;
				PRODUCT_BUNDLE_IDENTIFIER = com.dundar.storyTrasnlateApp;
				PRODUCT_NAME = "$(TARGET_NAME)";
				SWIFT_EMIT_LOC_STRINGS = YES;
				SWIFT_VERSION = 5.0;
				TARGETED_DEVICE_FAMILY = "1,2";
			};
			name = Release;
		};
/* End XCBuildConfiguration section */

/* Begin XCConfigurationList section */
		3F0FD8C829DADDCC00210A2C /* Build configuration list for PBXProject "storyTrasnlateApp" */ = {
			isa = XCConfigurationList;
			buildConfigurations = (
				3F0FD8DF29DADDCD00210A2C /* Debug */,
				3F0FD8E029DADDCD00210A2C /* Release */,
			);
			defaultConfigurationIsVisible = 0;
			defaultConfigurationName = Release;
		};
		3F0FD8E129DADDCD00210A2C /* Build configuration list for PBXNativeTarget "storyTrasnlateApp" */ = {
			isa = XCConfigurationList;
			buildConfigurations = (
				3F0FD8E229DADDCD00210A2C /* Debug */,
				3F0FD8E329DADDCD00210A2C /* Release */,
			);
			defaultConfigurationIsVisible = 0;
			defaultConfigurationName = Release;
		};
/* End XCConfigurationList section */

/* Begin XCVersionGroup section */
		3FC63DCC2A029EF40047C23A /* data.xcdatamodeld */ = {
			isa = XCVersionGroup;
			children = (
				3FC63DCD2A029EF40047C23A /* data.xcdatamodel */,
			);
			currentVersion = 3FC63DCD2A029EF40047C23A /* data.xcdatamodel */;
			path = data.xcdatamodeld;
			sourceTree = "<group>";
			versionGroupType = wrapper.xcdatamodel;
		};
/* End XCVersionGroup section */
	};
	rootObject = 3F0FD8C529DADDCC00210A2C /* Project object */;
}
